// !$*UTF8*$!
{
	archiveVersion = 1;
	classes = {
	};
	objectVersion = 48;
	objects = {

/* Begin PBXBuildFile section */
		3FA5882A20A2A2F300676A88 /* Icon.swift in Sources */ = {isa = PBXBuildFile; fileRef = 3FA5882920A2A2F300676A88 /* Icon.swift */; };
		3FA5882C20A2A34000676A88 /* Topic.swift in Sources */ = {isa = PBXBuildFile; fileRef = 3FA5882B20A2A34000676A88 /* Topic.swift */; };
		3FA5882E20A2A38900676A88 /* TopicList.swift in Sources */ = {isa = PBXBuildFile; fileRef = 3FA5882D20A2A38900676A88 /* TopicList.swift */; };
		3FA5883020A2A46600676A88 /* SearchResults.swift in Sources */ = {isa = PBXBuildFile; fileRef = 3FA5882F20A2A46600676A88 /* SearchResults.swift */; };
		3FB414C520A3ECEF00712DC9 /* ApiUrl.swift in Sources */ = {isa = PBXBuildFile; fileRef = 3FB414C420A3ECEF00712DC9 /* ApiUrl.swift */; };
		3FB414C720A3ED6600712DC9 /* DownloadService.swift in Sources */ = {isa = PBXBuildFile; fileRef = 3FB414C620A3ED6600712DC9 /* DownloadService.swift */; };
		3FD17C0F20A28388008739E2 /* AppDelegate.swift in Sources */ = {isa = PBXBuildFile; fileRef = 3FD17C0E20A28388008739E2 /* AppDelegate.swift */; };
		3FD17C1120A28388008739E2 /* ViewController.swift in Sources */ = {isa = PBXBuildFile; fileRef = 3FD17C1020A28388008739E2 /* ViewController.swift */; };
		3FD17C1420A28388008739E2 /* Main.storyboard in Resources */ = {isa = PBXBuildFile; fileRef = 3FD17C1220A28388008739E2 /* Main.storyboard */; };
		3FD17C1620A28388008739E2 /* Assets.xcassets in Resources */ = {isa = PBXBuildFile; fileRef = 3FD17C1520A28388008739E2 /* Assets.xcassets */; };
		3FD17C1920A28388008739E2 /* LaunchScreen.storyboard in Resources */ = {isa = PBXBuildFile; fileRef = 3FD17C1720A28388008739E2 /* LaunchScreen.storyboard */; };
		3FD17C2420A28388008739E2 /* TDSampleAppTests.swift in Sources */ = {isa = PBXBuildFile; fileRef = 3FD17C2320A28388008739E2 /* TDSampleAppTests.swift */; };
/* End PBXBuildFile section */

/* Begin PBXContainerItemProxy section */
		3FD17C2020A28388008739E2 /* PBXContainerItemProxy */ = {
			isa = PBXContainerItemProxy;
			containerPortal = 3FD17C0320A28388008739E2 /* Project object */;
			proxyType = 1;
			remoteGlobalIDString = 3FD17C0A20A28388008739E2;
			remoteInfo = TDSampleApp;
		};
/* End PBXContainerItemProxy section */

/* Begin PBXFileReference section */
		3FA5882920A2A2F300676A88 /* Icon.swift */ = {isa = PBXFileReference; lastKnownFileType = sourcecode.swift; path = Icon.swift; sourceTree = "<group>"; };
		3FA5882B20A2A34000676A88 /* Topic.swift */ = {isa = PBXFileReference; lastKnownFileType = sourcecode.swift; path = Topic.swift; sourceTree = "<group>"; };
		3FA5882D20A2A38900676A88 /* TopicList.swift */ = {isa = PBXFileReference; lastKnownFileType = sourcecode.swift; path = TopicList.swift; sourceTree = "<group>"; };
		3FA5882F20A2A46600676A88 /* SearchResults.swift */ = {isa = PBXFileReference; lastKnownFileType = sourcecode.swift; path = SearchResults.swift; sourceTree = "<group>"; };
		3FB414C420A3ECEF00712DC9 /* ApiUrl.swift */ = {isa = PBXFileReference; lastKnownFileType = sourcecode.swift; path = ApiUrl.swift; sourceTree = "<group>"; };
		3FB414C620A3ED6600712DC9 /* DownloadService.swift */ = {isa = PBXFileReference; lastKnownFileType = sourcecode.swift; path = DownloadService.swift; sourceTree = "<group>"; };
		3FD17C0B20A28388008739E2 /* TDSampleApp.app */ = {isa = PBXFileReference; explicitFileType = wrapper.application; includeInIndex = 0; path = TDSampleApp.app; sourceTree = BUILT_PRODUCTS_DIR; };
		3FD17C0E20A28388008739E2 /* AppDelegate.swift */ = {isa = PBXFileReference; lastKnownFileType = sourcecode.swift; path = AppDelegate.swift; sourceTree = "<group>"; };
		3FD17C1020A28388008739E2 /* ViewController.swift */ = {isa = PBXFileReference; lastKnownFileType = sourcecode.swift; path = ViewController.swift; sourceTree = "<group>"; };
		3FD17C1320A28388008739E2 /* Base */ = {isa = PBXFileReference; lastKnownFileType = file.storyboard; name = Base; path = Base.lproj/Main.storyboard; sourceTree = "<group>"; };
		3FD17C1520A28388008739E2 /* Assets.xcassets */ = {isa = PBXFileReference; lastKnownFileType = folder.assetcatalog; path = Assets.xcassets; sourceTree = "<group>"; };
		3FD17C1820A28388008739E2 /* Base */ = {isa = PBXFileReference; lastKnownFileType = file.storyboard; name = Base; path = Base.lproj/LaunchScreen.storyboard; sourceTree = "<group>"; };
		3FD17C1A20A28388008739E2 /* Info.plist */ = {isa = PBXFileReference; lastKnownFileType = text.plist.xml; path = Info.plist; sourceTree = "<group>"; };
		3FD17C1F20A28388008739E2 /* TDSampleAppTests.xctest */ = {isa = PBXFileReference; explicitFileType = wrapper.cfbundle; includeInIndex = 0; path = TDSampleAppTests.xctest; sourceTree = BUILT_PRODUCTS_DIR; };
		3FD17C2320A28388008739E2 /* TDSampleAppTests.swift */ = {isa = PBXFileReference; lastKnownFileType = sourcecode.swift; path = TDSampleAppTests.swift; sourceTree = "<group>"; };
		3FD17C2520A28388008739E2 /* Info.plist */ = {isa = PBXFileReference; lastKnownFileType = text.plist.xml; path = Info.plist; sourceTree = "<group>"; };
/* End PBXFileReference section */

/* Begin PBXFrameworksBuildPhase section */
		3FD17C0820A28388008739E2 /* Frameworks */ = {
			isa = PBXFrameworksBuildPhase;
			buildActionMask = 2147483647;
			files = (
			);
			runOnlyForDeploymentPostprocessing = 0;
		};
		3FD17C1C20A28388008739E2 /* Frameworks */ = {
			isa = PBXFrameworksBuildPhase;
			buildActionMask = 2147483647;
			files = (
			);
			runOnlyForDeploymentPostprocessing = 0;
		};
/* End PBXFrameworksBuildPhase section */

/* Begin PBXGroup section */
		3FB414C320A3EC9000712DC9 /* Services */ = {
			isa = PBXGroup;
			children = (
				3FB414C420A3ECEF00712DC9 /* ApiUrl.swift */,
				3FB414C620A3ED6600712DC9 /* DownloadService.swift */,
			);
			path = Services;
			sourceTree = "<group>";
		};
		3FD17C0220A28388008739E2 = {
			isa = PBXGroup;
			children = (
				3FD17C0D20A28388008739E2 /* TDSampleApp */,
				3FD17C2220A28388008739E2 /* TDSampleAppTests */,
				3FD17C0C20A28388008739E2 /* Products */,
			);
			sourceTree = "<group>";
		};
		3FD17C0C20A28388008739E2 /* Products */ = {
			isa = PBXGroup;
			children = (
				3FD17C0B20A28388008739E2 /* TDSampleApp.app */,
				3FD17C1F20A28388008739E2 /* TDSampleAppTests.xctest */,
			);
			name = Products;
			sourceTree = "<group>";
		};
		3FD17C0D20A28388008739E2 /* TDSampleApp */ = {
			isa = PBXGroup;
			children = (
				3FB414C320A3EC9000712DC9 /* Services */,
				3FD17C2E20A28902008739E2 /* Model */,
				3FD17C0E20A28388008739E2 /* AppDelegate.swift */,
				3FD17C1020A28388008739E2 /* ViewController.swift */,
				3FD17C1220A28388008739E2 /* Main.storyboard */,
				3FD17C1520A28388008739E2 /* Assets.xcassets */,
				3FD17C1720A28388008739E2 /* LaunchScreen.storyboard */,
				3FD17C1A20A28388008739E2 /* Info.plist */,
			);
			path = TDSampleApp;
			sourceTree = "<group>";
		};
		3FD17C2220A28388008739E2 /* TDSampleAppTests */ = {
			isa = PBXGroup;
			children = (
				3FD17C2320A28388008739E2 /* TDSampleAppTests.swift */,
				3FD17C2520A28388008739E2 /* Info.plist */,
			);
			path = TDSampleAppTests;
			sourceTree = "<group>";
		};
		3FD17C2E20A28902008739E2 /* Model */ = {
			isa = PBXGroup;
			children = (
				3FA5882920A2A2F300676A88 /* Icon.swift */,
				3FA5882B20A2A34000676A88 /* Topic.swift */,
				3FA5882D20A2A38900676A88 /* TopicList.swift */,
				3FA5882F20A2A46600676A88 /* SearchResults.swift */,
			);
			path = Model;
			sourceTree = "<group>";
		};
/* End PBXGroup section */

/* Begin PBXNativeTarget section */
		3FD17C0A20A28388008739E2 /* TDSampleApp */ = {
			isa = PBXNativeTarget;
			buildConfigurationList = 3FD17C2820A28388008739E2 /* Build configuration list for PBXNativeTarget "TDSampleApp" */;
			buildPhases = (
				3FD17C0720A28388008739E2 /* Sources */,
				3FD17C0820A28388008739E2 /* Frameworks */,
				3FD17C0920A28388008739E2 /* Resources */,
			);
			buildRules = (
			);
			dependencies = (
			);
			name = TDSampleApp;
			productName = TDSampleApp;
			productReference = 3FD17C0B20A28388008739E2 /* TDSampleApp.app */;
			productType = "com.apple.product-type.application";
		};
		3FD17C1E20A28388008739E2 /* TDSampleAppTests */ = {
			isa = PBXNativeTarget;
			buildConfigurationList = 3FD17C2B20A28388008739E2 /* Build configuration list for PBXNativeTarget "TDSampleAppTests" */;
			buildPhases = (
				3FD17C1B20A28388008739E2 /* Sources */,
				3FD17C1C20A28388008739E2 /* Frameworks */,
				3FD17C1D20A28388008739E2 /* Resources */,
			);
			buildRules = (
			);
			dependencies = (
				3FD17C2120A28388008739E2 /* PBXTargetDependency */,
			);
			name = TDSampleAppTests;
			productName = TDSampleAppTests;
			productReference = 3FD17C1F20A28388008739E2 /* TDSampleAppTests.xctest */;
			productType = "com.apple.product-type.bundle.unit-test";
		};
/* End PBXNativeTarget section */

/* Begin PBXProject section */
		3FD17C0320A28388008739E2 /* Project object */ = {
			isa = PBXProject;
			attributes = {
				LastSwiftUpdateCheck = 0900;
				LastUpgradeCheck = 0900;
				ORGANIZATIONNAME = jde;
				TargetAttributes = {
					3FD17C0A20A28388008739E2 = {
						CreatedOnToolsVersion = 9.0.1;
						ProvisioningStyle = Automatic;
					};
					3FD17C1E20A28388008739E2 = {
						CreatedOnToolsVersion = 9.0.1;
						ProvisioningStyle = Automatic;
						TestTargetID = 3FD17C0A20A28388008739E2;
					};
				};
			};
			buildConfigurationList = 3FD17C0620A28388008739E2 /* Build configuration list for PBXProject "TDSampleApp" */;
			compatibilityVersion = "Xcode 8.0";
			developmentRegion = en;
			hasScannedForEncodings = 0;
			knownRegions = (
				en,
				Base,
			);
			mainGroup = 3FD17C0220A28388008739E2;
			productRefGroup = 3FD17C0C20A28388008739E2 /* Products */;
			projectDirPath = "";
			projectRoot = "";
			targets = (
				3FD17C0A20A28388008739E2 /* TDSampleApp */,
				3FD17C1E20A28388008739E2 /* TDSampleAppTests */,
			);
		};
/* End PBXProject section */

/* Begin PBXResourcesBuildPhase section */
		3FD17C0920A28388008739E2 /* Resources */ = {
			isa = PBXResourcesBuildPhase;
			buildActionMask = 2147483647;
			files = (
				3FD17C1920A28388008739E2 /* LaunchScreen.storyboard in Resources */,
				3FD17C1620A28388008739E2 /* Assets.xcassets in Resources */,
				3FD17C1420A28388008739E2 /* Main.storyboard in Resources */,
			);
			runOnlyForDeploymentPostprocessing = 0;
		};
		3FD17C1D20A28388008739E2 /* Resources */ = {
			isa = PBXResourcesBuildPhase;
			buildActionMask = 2147483647;
			files = (
			);
			runOnlyForDeploymentPostprocessing = 0;
		};
/* End PBXResourcesBuildPhase section */

/* Begin PBXSourcesBuildPhase section */
		3FD17C0720A28388008739E2 /* Sources */ = {
			isa = PBXSourcesBuildPhase;
			buildActionMask = 2147483647;
			files = (
				3FA5882A20A2A2F300676A88 /* Icon.swift in Sources */,
				3FB414C720A3ED6600712DC9 /* DownloadService.swift in Sources */,
				3FB414C520A3ECEF00712DC9 /* ApiUrl.swift in Sources */,
				3FA5882C20A2A34000676A88 /* Topic.swift in Sources */,
				3FD17C1120A28388008739E2 /* ViewController.swift in Sources */,
				3FA5882E20A2A38900676A88 /* TopicList.swift in Sources */,
				3FA5883020A2A46600676A88 /* SearchResults.swift in Sources */,
				3FD17C0F20A28388008739E2 /* AppDelegate.swift in Sources */,
			);
			runOnlyForDeploymentPostprocessing = 0;
		};
		3FD17C1B20A28388008739E2 /* Sources */ = {
			isa = PBXSourcesBuildPhase;
			buildActionMask = 2147483647;
			files = (
				3FD17C2420A28388008739E2 /* TDSampleAppTests.swift in Sources */,
			);
			runOnlyForDeploymentPostprocessing = 0;
		};
/* End PBXSourcesBuildPhase section */

/* Begin PBXTargetDependency section */
		3FD17C2120A28388008739E2 /* PBXTargetDependency */ = {
			isa = PBXTargetDependency;
			target = 3FD17C0A20A28388008739E2 /* TDSampleApp */;
			targetProxy = 3FD17C2020A28388008739E2 /* PBXContainerItemProxy */;
		};
/* End PBXTargetDependency section */

/* Begin PBXVariantGroup section */
		3FD17C1220A28388008739E2 /* Main.storyboard */ = {
			isa = PBXVariantGroup;
			children = (
				3FD17C1320A28388008739E2 /* Base */,
			);
			name = Main.storyboard;
			sourceTree = "<group>";
		};
		3FD17C1720A28388008739E2 /* LaunchScreen.storyboard */ = {
			isa = PBXVariantGroup;
			children = (
				3FD17C1820A28388008739E2 /* Base */,
			);
			name = LaunchScreen.storyboard;
			sourceTree = "<group>";
		};
/* End PBXVariantGroup section */

/* Begin XCBuildConfiguration section */
		3FD17C2620A28388008739E2 /* Debug */ = {
			isa = XCBuildConfiguration;
			buildSettings = {
				ALWAYS_SEARCH_USER_PATHS = NO;
				CLANG_ANALYZER_NONNULL = YES;
				CLANG_ANALYZER_NUMBER_OBJECT_CONVERSION = YES_AGGRESSIVE;
				CLANG_CXX_LANGUAGE_STANDARD = "gnu++14";
				CLANG_CXX_LIBRARY = "libc++";
				CLANG_ENABLE_MODULES = YES;
				CLANG_ENABLE_OBJC_ARC = YES;
				CLANG_WARN_BLOCK_CAPTURE_AUTORELEASING = YES;
				CLANG_WARN_BOOL_CONVERSION = YES;
				CLANG_WARN_COMMA = YES;
				CLANG_WARN_CONSTANT_CONVERSION = YES;
				CLANG_WARN_DIRECT_OBJC_ISA_USAGE = YES_ERROR;
				CLANG_WARN_DOCUMENTATION_COMMENTS = YES;
				CLANG_WARN_EMPTY_BODY = YES;
				CLANG_WARN_ENUM_CONVERSION = YES;
				CLANG_WARN_INFINITE_RECURSION = YES;
				CLANG_WARN_INT_CONVERSION = YES;
				CLANG_WARN_NON_LITERAL_NULL_CONVERSION = YES;
				CLANG_WARN_OBJC_LITERAL_CONVERSION = YES;
				CLANG_WARN_OBJC_ROOT_CLASS = YES_ERROR;
				CLANG_WARN_RANGE_LOOP_ANALYSIS = YES;
				CLANG_WARN_STRICT_PROTOTYPES = YES;
				CLANG_WARN_SUSPICIOUS_MOVE = YES;
				CLANG_WARN_UNGUARDED_AVAILABILITY = YES_AGGRESSIVE;
				CLANG_WARN_UNREACHABLE_CODE = YES;
				CLANG_WARN__DUPLICATE_METHOD_MATCH = YES;
				CODE_SIGN_IDENTITY = "iPhone Developer";
				COPY_PHASE_STRIP = NO;
				DEBUG_INFORMATION_FORMAT = dwarf;
				ENABLE_STRICT_OBJC_MSGSEND = YES;
				ENABLE_TESTABILITY = YES;
				GCC_C_LANGUAGE_STANDARD = gnu11;
				GCC_DYNAMIC_NO_PIC = NO;
				GCC_NO_COMMON_BLOCKS = YES;
				GCC_OPTIMIZATION_LEVEL = 0;
				GCC_PREPROCESSOR_DEFINITIONS = (
					"DEBUG=1",
					"$(inherited)",
				);
				GCC_WARN_64_TO_32_BIT_CONVERSION = YES;
				GCC_WARN_ABOUT_RETURN_TYPE = YES_ERROR;
				GCC_WARN_UNDECLARED_SELECTOR = YES;
				GCC_WARN_UNINITIALIZED_AUTOS = YES_AGGRESSIVE;
				GCC_WARN_UNUSED_FUNCTION = YES;
				GCC_WARN_UNUSED_VARIABLE = YES;
				IPHONEOS_DEPLOYMENT_TARGET = 11.0;
				MTL_ENABLE_DEBUG_INFO = YES;
				ONLY_ACTIVE_ARCH = YES;
				SDKROOT = iphoneos;
				SWIFT_ACTIVE_COMPILATION_CONDITIONS = DEBUG;
				SWIFT_OPTIMIZATION_LEVEL = "-Onone";
			};
			name = Debug;
		};
		3FD17C2720A28388008739E2 /* Release */ = {
			isa = XCBuildConfiguration;
			buildSettings = {
				ALWAYS_SEARCH_USER_PATHS = NO;
				CLANG_ANALYZER_NONNULL = YES;
				CLANG_ANALYZER_NUMBER_OBJECT_CONVERSION = YES_AGGRESSIVE;
				CLANG_CXX_LANGUAGE_STANDARD = "gnu++14";
				CLANG_CXX_LIBRARY = "libc++";
				CLANG_ENABLE_MODULES = YES;
				CLANG_ENABLE_OBJC_ARC = YES;
				CLANG_WARN_BLOCK_CAPTURE_AUTORELEASING = YES;
				CLANG_WARN_BOOL_CONVERSION = YES;
				CLANG_WARN_COMMA = YES;
				CLANG_WARN_CONSTANT_CONVERSION = YES;
				CLANG_WARN_DIRECT_OBJC_ISA_USAGE = YES_ERROR;
				CLANG_WARN_DOCUMENTATION_COMMENTS = YES;
				CLANG_WARN_EMPTY_BODY = YES;
				CLANG_WARN_ENUM_CONVERSION = YES;
				CLANG_WARN_INFINITE_RECURSION = YES;
				CLANG_WARN_INT_CONVERSION = YES;
				CLANG_WARN_NON_LITERAL_NULL_CONVERSION = YES;
				CLANG_WARN_OBJC_LITERAL_CONVERSION = YES;
				CLANG_WARN_OBJC_ROOT_CLASS = YES_ERROR;
				CLANG_WARN_RANGE_LOOP_ANALYSIS = YES;
				CLANG_WARN_STRICT_PROTOTYPES = YES;
				CLANG_WARN_SUSPICIOUS_MOVE = YES;
				CLANG_WARN_UNGUARDED_AVAILABILITY = YES_AGGRESSIVE;
				CLANG_WARN_UNREACHABLE_CODE = YES;
				CLANG_WARN__DUPLICATE_METHOD_MATCH = YES;
				CODE_SIGN_IDENTITY = "iPhone Developer";
				COPY_PHASE_STRIP = NO;
				DEBUG_INFORMATION_FORMAT = "dwarf-with-dsym";
				ENABLE_NS_ASSERTIONS = NO;
				ENABLE_STRICT_OBJC_MSGSEND = YES;
				GCC_C_LANGUAGE_STANDARD = gnu11;
				GCC_NO_COMMON_BLOCKS = YES;
				GCC_WARN_64_TO_32_BIT_CONVERSION = YES;
				GCC_WARN_ABOUT_RETURN_TYPE = YES_ERROR;
				GCC_WARN_UNDECLARED_SELECTOR = YES;
				GCC_WARN_UNINITIALIZED_AUTOS = YES_AGGRESSIVE;
				GCC_WARN_UNUSED_FUNCTION = YES;
				GCC_WARN_UNUSED_VARIABLE = YES;
				IPHONEOS_DEPLOYMENT_TARGET = 11.0;
				MTL_ENABLE_DEBUG_INFO = NO;
				SDKROOT = iphoneos;
				SWIFT_OPTIMIZATION_LEVEL = "-Owholemodule";
				VALIDATE_PRODUCT = YES;
			};
			name = Release;
		};
		3FD17C2920A28388008739E2 /* Debug */ = {
			isa = XCBuildConfiguration;
			buildSettings = {
				ASSETCATALOG_COMPILER_APPICON_NAME = AppIcon;
				CODE_SIGN_STYLE = Automatic;
				DEVELOPMENT_TEAM = F3Z3A45B24;
				INFOPLIST_FILE = TDSampleApp/Info.plist;
				LD_RUNPATH_SEARCH_PATHS = "$(inherited) @executable_path/Frameworks";
				PRODUCT_BUNDLE_IDENTIFIER = com.jde.TDSampleApp;
				PRODUCT_NAME = "$(TARGET_NAME)";
				SWIFT_VERSION = 4.0;
				TARGETED_DEVICE_FAMILY = "1,2";
			};
			name = Debug;
		};
		3FD17C2A20A28388008739E2 /* Release */ = {
			isa = XCBuildConfiguration;
			buildSettings = {
				ASSETCATALOG_COMPILER_APPICON_NAME = AppIcon;
				CODE_SIGN_STYLE = Automatic;
				DEVELOPMENT_TEAM = F3Z3A45B24;
				INFOPLIST_FILE = TDSampleApp/Info.plist;
				LD_RUNPATH_SEARCH_PATHS = "$(inherited) @executable_path/Frameworks";
				PRODUCT_BUNDLE_IDENTIFIER = com.jde.TDSampleApp;
				PRODUCT_NAME = "$(TARGET_NAME)";
				SWIFT_VERSION = 4.0;
				TARGETED_DEVICE_FAMILY = "1,2";
			};
			name = Release;
		};
		3FD17C2C20A28388008739E2 /* Debug */ = {
			isa = XCBuildConfiguration;
			buildSettings = {
				ALWAYS_EMBED_SWIFT_STANDARD_LIBRARIES = YES;
				BUNDLE_LOADER = "$(TEST_HOST)";
				CODE_SIGN_STYLE = Automatic;
				DEVELOPMENT_TEAM = F3Z3A45B24;
				INFOPLIST_FILE = TDSampleAppTests/Info.plist;
				LD_RUNPATH_SEARCH_PATHS = "$(inherited) @executable_path/Frameworks @loader_path/Frameworks";
				PRODUCT_BUNDLE_IDENTIFIER = com.jde.TDSampleAppTests;
				PRODUCT_NAME = "$(TARGET_NAME)";
				SWIFT_VERSION = 4.0;
				TARGETED_DEVICE_FAMILY = "1,2";
				TEST_HOST = "$(BUILT_PRODUCTS_DIR)/TDSampleApp.app/TDSampleApp";
			};
			name = Debug;
		};
		3FD17C2D20A28388008739E2 /* Release */ = {
			isa = XCBuildConfiguration;
			buildSettings = {
				ALWAYS_EMBED_SWIFT_STANDARD_LIBRARIES = YES;
				BUNDLE_LOADER = "$(TEST_HOST)";
				CODE_SIGN_STYLE = Automatic;
				DEVELOPMENT_TEAM = F3Z3A45B24;
				INFOPLIST_FILE = TDSampleAppTests/Info.plist;
				LD_RUNPATH_SEARCH_PATHS = "$(inherited) @executable_path/Frameworks @loader_path/Frameworks";
				PRODUCT_BUNDLE_IDENTIFIER = com.jde.TDSampleAppTests;
				PRODUCT_NAME = "$(TARGET_NAME)";
				SWIFT_VERSION = 4.0;
				TARGETED_DEVICE_FAMILY = "1,2";
				TEST_HOST = "$(BUILT_PRODUCTS_DIR)/TDSampleApp.app/TDSampleApp";
			};
			name = Release;
		};
/* End XCBuildConfiguration section */

/* Begin XCConfigurationList section */
		3FD17C0620A28388008739E2 /* Build configuration list for PBXProject "TDSampleApp" */ = {
			isa = XCConfigurationList;
			buildConfigurations = (
				3FD17C2620A28388008739E2 /* Debug */,
				3FD17C2720A28388008739E2 /* Release */,
			);
			defaultConfigurationIsVisible = 0;
			defaultConfigurationName = Release;
		};
		3FD17C2820A28388008739E2 /* Build configuration list for PBXNativeTarget "TDSampleApp" */ = {
			isa = XCConfigurationList;
			buildConfigurations = (
				3FD17C2920A28388008739E2 /* Debug */,
				3FD17C2A20A28388008739E2 /* Release */,
			);
			defaultConfigurationIsVisible = 0;
			defaultConfigurationName = Release;
		};
		3FD17C2B20A28388008739E2 /* Build configuration list for PBXNativeTarget "TDSampleAppTests" */ = {
			isa = XCConfigurationList;
			buildConfigurations = (
				3FD17C2C20A28388008739E2 /* Debug */,
				3FD17C2D20A28388008739E2 /* Release */,
			);
			defaultConfigurationIsVisible = 0;
			defaultConfigurationName = Release;
		};
/* End XCConfigurationList section */
	};
	rootObject = 3FD17C0320A28388008739E2 /* Project object */;
}
